
Microsoft Visual Studio Solution File, Format Version 12.00
# Visual Studio Version 17
VisualStudioVersion = 17.13.35931.197
MinimumVisualStudioVersion = 10.0.40219.1
Project("{FAE04EC0-301F-11D3-BF4B-00C04F79EFBC}") = "NEvent", "NEvent\NEvent.csproj", "{92E0A5EC-CD72-4F50-9D6A-8AAB3867F756}"
EndProject
Project("{FAE04EC0-301F-11D3-BF4B-00C04F79EFBC}") = "NEvent.ConsoleExample", "NEvent.ConsoleExample\NEvent.ConsoleExample.csproj", "{CA738B64-B096-4C2D-88E2-927F0597EB4E}"
EndProject
Project("{FAE04EC0-301F-11D3-BF4B-00C04F79EFBC}") = "NEvent.DependencyInjection", "NEvent.DependencyInjection\NEvent.DependencyInjection.csproj", "{DC1B8BB7-53EA-4F53-91AC-A370CBAEA1D7}"
EndProject
Project("{FAE04EC0-301F-11D3-BF4B-00C04F79EFBC}") = "NEvent.Log", "NEvent.Log\NEvent.Log.csproj", "{FC59A62F-463A-481D-A4D8-386277B4B576}"
EndProject
Global
	GlobalSection(SolutionConfigurationPlatforms) = preSolution
		Debug|Any CPU = Debug|Any CPU
		Release|Any CPU = Release|Any CPU
	EndGlobalSection
	GlobalSection(ProjectConfigurationPlatforms) = postSolution
		{92E0A5EC-CD72-4F50-9D6A-8AAB3867F756}.Debug|Any CPU.ActiveCfg = Debug|Any CPU
		{92E0A5EC-CD72-4F50-9D6A-8AAB3867F756}.Debug|Any CPU.Build.0 = Debug|Any CPU
		{92E0A5EC-CD72-4F50-9D6A-8AAB3867F756}.Release|Any CPU.ActiveCfg = Release|Any CPU
		{92E0A5EC-CD72-4F50-9D6A-8AAB3867F756}.Release|Any CPU.Build.0 = Release|Any CPU
		{CA738B64-B096-4C2D-88E2-927F0597EB4E}.Debug|Any CPU.ActiveCfg = Debug|Any CPU
		{CA738B64-B096-4C2D-88E2-927F0597EB4E}.Debug|Any CPU.Build.0 = Debug|Any CPU
		{CA738B64-B096-4C2D-88E2-927F0597EB4E}.Release|Any CPU.ActiveCfg = Release|Any CPU
		{CA738B64-B096-4C2D-88E2-927F0597EB4E}.Release|Any CPU.Build.0 = Release|Any CPU
		{DC1B8BB7-53EA-4F53-91AC-A370CBAEA1D7}.Debug|Any CPU.ActiveCfg = Debug|Any CPU
		{DC1B8BB7-53EA-4F53-91AC-A370CBAEA1D7}.Debug|Any CPU.Build.0 = Debug|Any CPU
		{DC1B8BB7-53EA-4F53-91AC-A370CBAEA1D7}.Release|Any CPU.ActiveCfg = Release|Any CPU
		{DC1B8BB7-53EA-4F53-91AC-A370CBAEA1D7}.Release|Any CPU.Build.0 = Release|Any CPU
		{FC59A62F-463A-481D-A4D8-386277B4B576}.Debug|Any CPU.ActiveCfg = Debug|Any CPU
		{FC59A62F-463A-481D-A4D8-386277B4B576}.Debug|Any CPU.Build.0 = Debug|Any CPU
		{FC59A62F-463A-481D-A4D8-386277B4B576}.Release|Any CPU.ActiveCfg = Release|Any CPU
		{FC59A62F-463A-481D-A4D8-386277B4B576}.Release|Any CPU.Build.0 = Release|Any CPU
	EndGlobalSection
	GlobalSection(SolutionProperties) = preSolution
		HideSolutionNode = FALSE
	EndGlobalSection
	GlobalSection(ExtensibilityGlobals) = postSolution
		SolutionGuid = {032CF6F8-6481-4769-99B1-2B814591569C}
	EndGlobalSection
EndGlobal
